// !$*UTF8*$!
{
	archiveVersion = 1;
	classes = {
	};
	objectVersion = 46;
	objects = {

/* Begin PBXBuildFile section */
		3B0210DA1B113089005D2534 /* AppDelegate.swift in Sources */ = {isa = PBXBuildFile; fileRef = 3B0210D91B113089005D2534 /* AppDelegate.swift */; };
		3B0210DC1B113089005D2534 /* ViewController.swift in Sources */ = {isa = PBXBuildFile; fileRef = 3B0210DB1B113089005D2534 /* ViewController.swift */; };
		3B0210DF1B113089005D2534 /* Main.storyboard in Resources */ = {isa = PBXBuildFile; fileRef = 3B0210DD1B113089005D2534 /* Main.storyboard */; };
		3B0210E11B113089005D2534 /* Images.xcassets in Resources */ = {isa = PBXBuildFile; fileRef = 3B0210E01B113089005D2534 /* Images.xcassets */; };
		3B0210E41B113089005D2534 /* LaunchScreen.xib in Resources */ = {isa = PBXBuildFile; fileRef = 3B0210E21B113089005D2534 /* LaunchScreen.xib */; };
		3B0210F01B11308A005D2534 /* CarControlTests.swift in Sources */ = {isa = PBXBuildFile; fileRef = 3B0210EF1B11308A005D2534 /* CarControlTests.swift */; };
		3B0210FA1B113128005D2534 /* Slider.swift in Sources */ = {isa = PBXBuildFile; fileRef = 3B0210F91B113128005D2534 /* Slider.swift */; };
		3B0210FE1B1133F5005D2534 /* SliderTests.swift in Sources */ = {isa = PBXBuildFile; fileRef = 3B0210FD1B1133F5005D2534 /* SliderTests.swift */; };
		3B0210FF1B113551005D2534 /* Slider.swift in Sources */ = {isa = PBXBuildFile; fileRef = 3B0210F91B113128005D2534 /* Slider.swift */; };
		3B983F181B113FE600A558FC /* UIColorApp.swift in Sources */ = {isa = PBXBuildFile; fileRef = 3B983F171B113FE600A558FC /* UIColorApp.swift */; };
		3BD274671B1202ED00B9FD64 /* UIColorApp.swift in Sources */ = {isa = PBXBuildFile; fileRef = 3B983F171B113FE600A558FC /* UIColorApp.swift */; };
/* End PBXBuildFile section */

/* Begin PBXContainerItemProxy section */
		3B0210EA1B11308A005D2534 /* PBXContainerItemProxy */ = {
			isa = PBXContainerItemProxy;
			containerPortal = 3B0210CC1B113089005D2534 /* Project object */;
			proxyType = 1;
			remoteGlobalIDString = 3B0210D31B113089005D2534;
			remoteInfo = CarControl;
		};
/* End PBXContainerItemProxy section */

/* Begin PBXFileReference section */
		3B0210D41B113089005D2534 /* CarControl.app */ = {isa = PBXFileReference; explicitFileType = wrapper.application; includeInIndex = 0; path = CarControl.app; sourceTree = BUILT_PRODUCTS_DIR; };
		3B0210D81B113089005D2534 /* Info.plist */ = {isa = PBXFileReference; lastKnownFileType = text.plist.xml; path = Info.plist; sourceTree = "<group>"; };
		3B0210D91B113089005D2534 /* AppDelegate.swift */ = {isa = PBXFileReference; lastKnownFileType = sourcecode.swift; path = AppDelegate.swift; sourceTree = "<group>"; };
		3B0210DB1B113089005D2534 /* ViewController.swift */ = {isa = PBXFileReference; lastKnownFileType = sourcecode.swift; path = ViewController.swift; sourceTree = "<group>"; };
		3B0210DE1B113089005D2534 /* Base */ = {isa = PBXFileReference; lastKnownFileType = file.storyboard; name = Base; path = Base.lproj/Main.storyboard; sourceTree = "<group>"; };
		3B0210E01B113089005D2534 /* Images.xcassets */ = {isa = PBXFileReference; lastKnownFileType = folder.assetcatalog; path = Images.xcassets; sourceTree = "<group>"; };
		3B0210E31B113089005D2534 /* Base */ = {isa = PBXFileReference; lastKnownFileType = file.xib; name = Base; path = Base.lproj/LaunchScreen.xib; sourceTree = "<group>"; };
		3B0210E91B11308A005D2534 /* CarControlTests.xctest */ = {isa = PBXFileReference; explicitFileType = wrapper.cfbundle; includeInIndex = 0; path = CarControlTests.xctest; sourceTree = BUILT_PRODUCTS_DIR; };
		3B0210EE1B11308A005D2534 /* Info.plist */ = {isa = PBXFileReference; lastKnownFileType = text.plist.xml; path = Info.plist; sourceTree = "<group>"; };
		3B0210EF1B11308A005D2534 /* CarControlTests.swift */ = {isa = PBXFileReference; lastKnownFileType = sourcecode.swift; path = CarControlTests.swift; sourceTree = "<group>"; };
		3B0210F91B113128005D2534 /* Slider.swift */ = {isa = PBXFileReference; fileEncoding = 4; lastKnownFileType = sourcecode.swift; path = Slider.swift; sourceTree = "<group>"; };
		3B0210FD1B1133F5005D2534 /* SliderTests.swift */ = {isa = PBXFileReference; fileEncoding = 4; lastKnownFileType = sourcecode.swift; path = SliderTests.swift; sourceTree = "<group>"; };
		3B983F171B113FE600A558FC /* UIColorApp.swift */ = {isa = PBXFileReference; fileEncoding = 4; lastKnownFileType = sourcecode.swift; path = UIColorApp.swift; sourceTree = "<group>"; };
/* End PBXFileReference section */

/* Begin PBXFrameworksBuildPhase section */
		3B0210D11B113089005D2534 /* Frameworks */ = {
			isa = PBXFrameworksBuildPhase;
			buildActionMask = 2147483647;
			files = (
			);
			runOnlyForDeploymentPostprocessing = 0;
		};
		3B0210E61B11308A005D2534 /* Frameworks */ = {
			isa = PBXFrameworksBuildPhase;
			buildActionMask = 2147483647;
			files = (
			);
			runOnlyForDeploymentPostprocessing = 0;
		};
/* End PBXFrameworksBuildPhase section */

/* Begin PBXGroup section */
		3B0210CB1B113089005D2534 = {
			isa = PBXGroup;
			children = (
				3B0210D61B113089005D2534 /* CarControl */,
				3B0210EC1B11308A005D2534 /* CarControlTests */,
				3B0210D51B113089005D2534 /* Products */,
			);
			sourceTree = "<group>";
		};
		3B0210D51B113089005D2534 /* Products */ = {
			isa = PBXGroup;
			children = (
				3B0210D41B113089005D2534 /* CarControl.app */,
				3B0210E91B11308A005D2534 /* CarControlTests.xctest */,
			);
			name = Products;
			sourceTree = "<group>";
		};
		3B0210D61B113089005D2534 /* CarControl */ = {
			isa = PBXGroup;
			children = (
				3B0210D91B113089005D2534 /* AppDelegate.swift */,
				3B0210DB1B113089005D2534 /* ViewController.swift */,
				3B264D031B1245FA00CBE5E5 /* Views */,
				3B264D021B1245EE00CBE5E5 /* Extensions */,
				3B0210E21B113089005D2534 /* LaunchScreen.xib */,
				3B0210DD1B113089005D2534 /* Main.storyboard */,
				3B0210E01B113089005D2534 /* Images.xcassets */,
				3B0210D71B113089005D2534 /* Supporting Files */,
			);
			path = CarControl;
			sourceTree = "<group>";
		};
		3B0210D71B113089005D2534 /* Supporting Files */ = {
			isa = PBXGroup;
			children = (
				3B0210D81B113089005D2534 /* Info.plist */,
			);
			name = "Supporting Files";
			sourceTree = "<group>";
		};
		3B0210EC1B11308A005D2534 /* CarControlTests */ = {
			isa = PBXGroup;
			children = (
				3B0210EF1B11308A005D2534 /* CarControlTests.swift */,
				3B0210FD1B1133F5005D2534 /* SliderTests.swift */,
				3B0210ED1B11308A005D2534 /* Supporting Files */,
			);
			path = CarControlTests;
			sourceTree = "<group>";
		};
		3B0210ED1B11308A005D2534 /* Supporting Files */ = {
			isa = PBXGroup;
			children = (
				3B0210EE1B11308A005D2534 /* Info.plist */,
			);
			name = "Supporting Files";
			sourceTree = "<group>";
		};
		3B264D021B1245EE00CBE5E5 /* Extensions */ = {
			isa = PBXGroup;
			children = (
				3B983F171B113FE600A558FC /* UIColorApp.swift */,
			);
			name = Extensions;
			sourceTree = "<group>";
		};
		3B264D031B1245FA00CBE5E5 /* Views */ = {
			isa = PBXGroup;
			children = (
				3B0210F91B113128005D2534 /* Slider.swift */,
			);
			name = Views;
			sourceTree = "<group>";
		};
/* End PBXGroup section */

/* Begin PBXNativeTarget section */
		3B0210D31B113089005D2534 /* CarControl */ = {
			isa = PBXNativeTarget;
			buildConfigurationList = 3B0210F31B11308A005D2534 /* Build configuration list for PBXNativeTarget "CarControl" */;
			buildPhases = (
				3B0210D01B113089005D2534 /* Sources */,
				3B0210D11B113089005D2534 /* Frameworks */,
				3B0210D21B113089005D2534 /* Resources */,
			);
			buildRules = (
			);
			dependencies = (
			);
			name = CarControl;
			productName = CarControl;
			productReference = 3B0210D41B113089005D2534 /* CarControl.app */;
			productType = "com.apple.product-type.application";
		};
		3B0210E81B11308A005D2534 /* CarControlTests */ = {
			isa = PBXNativeTarget;
			buildConfigurationList = 3B0210F61B11308A005D2534 /* Build configuration list for PBXNativeTarget "CarControlTests" */;
			buildPhases = (
				3B0210E51B11308A005D2534 /* Sources */,
				3B0210E61B11308A005D2534 /* Frameworks */,
				3B0210E71B11308A005D2534 /* Resources */,
			);
			buildRules = (
			);
			dependencies = (
				3B0210EB1B11308A005D2534 /* PBXTargetDependency */,
			);
			name = CarControlTests;
			productName = CarControlTests;
			productReference = 3B0210E91B11308A005D2534 /* CarControlTests.xctest */;
			productType = "com.apple.product-type.bundle.unit-test";
		};
/* End PBXNativeTarget section */

/* Begin PBXProject section */
		3B0210CC1B113089005D2534 /* Project object */ = {
			isa = PBXProject;
			attributes = {
				LastUpgradeCheck = 0630;
				ORGANIZATIONNAME = "Quadion Techologies";
				TargetAttributes = {
					3B0210D31B113089005D2534 = {
						CreatedOnToolsVersion = 6.3;
					};
					3B0210E81B11308A005D2534 = {
						CreatedOnToolsVersion = 6.3;
						TestTargetID = 3B0210D31B113089005D2534;
					};
				};
			};
			buildConfigurationList = 3B0210CF1B113089005D2534 /* Build configuration list for PBXProject "CarControl" */;
			compatibilityVersion = "Xcode 3.2";
			developmentRegion = English;
			hasScannedForEncodings = 0;
			knownRegions = (
				en,
				Base,
			);
			mainGroup = 3B0210CB1B113089005D2534;
			productRefGroup = 3B0210D51B113089005D2534 /* Products */;
			projectDirPath = "";
			projectRoot = "";
			targets = (
				3B0210D31B113089005D2534 /* CarControl */,
				3B0210E81B11308A005D2534 /* CarControlTests */,
			);
		};
/* End PBXProject section */

/* Begin PBXResourcesBuildPhase section */
		3B0210D21B113089005D2534 /* Resources */ = {
			isa = PBXResourcesBuildPhase;
			buildActionMask = 2147483647;
			files = (
				3B0210DF1B113089005D2534 /* Main.storyboard in Resources */,
				3B0210E41B113089005D2534 /* LaunchScreen.xib in Resources */,
				3B0210E11B113089005D2534 /* Images.xcassets in Resources */,
			);
			runOnlyForDeploymentPostprocessing = 0;
		};
		3B0210E71B11308A005D2534 /* Resources */ = {
			isa = PBXResourcesBuildPhase;
			buildActionMask = 2147483647;
			files = (
			);
			runOnlyForDeploymentPostprocessing = 0;
		};
/* End PBXResourcesBuildPhase section */

/* Begin PBXSourcesBuildPhase section */
		3B0210D01B113089005D2534 /* Sources */ = {
			isa = PBXSourcesBuildPhase;
			buildActionMask = 2147483647;
			files = (
				3B0210DC1B113089005D2534 /* ViewController.swift in Sources */,
				3B983F181B113FE600A558FC /* UIColorApp.swift in Sources */,
				3B0210FA1B113128005D2534 /* Slider.swift in Sources */,
				3B0210DA1B113089005D2534 /* AppDelegate.swift in Sources */,
			);
			runOnlyForDeploymentPostprocessing = 0;
		};
		3B0210E51B11308A005D2534 /* Sources */ = {
			isa = PBXSourcesBuildPhase;
			buildActionMask = 2147483647;
			files = (
				3B0210FE1B1133F5005D2534 /* SliderTests.swift in Sources */,
				3BD274671B1202ED00B9FD64 /* UIColorApp.swift in Sources */,
				3B0210FF1B113551005D2534 /* Slider.swift in Sources */,
				3B0210F01B11308A005D2534 /* CarControlTests.swift in Sources */,
			);
			runOnlyForDeploymentPostprocessing = 0;
		};
/* End PBXSourcesBuildPhase section */

/* Begin PBXTargetDependency section */
		3B0210EB1B11308A005D2534 /* PBXTargetDependency */ = {
			isa = PBXTargetDependency;
			target = 3B0210D31B113089005D2534 /* CarControl */;
			targetProxy = 3B0210EA1B11308A005D2534 /* PBXContainerItemProxy */;
		};
/* End PBXTargetDependency section */

/* Begin PBXVariantGroup section */
		3B0210DD1B113089005D2534 /* Main.storyboard */ = {
			isa = PBXVariantGroup;
			children = (
				3B0210DE1B113089005D2534 /* Base */,
			);
			name = Main.storyboard;
			sourceTree = "<group>";
		};
		3B0210E21B113089005D2534 /* LaunchScreen.xib */ = {
			isa = PBXVariantGroup;
			children = (
				3B0210E31B113089005D2534 /* Base */,
			);
			name = LaunchScreen.xib;
			sourceTree = "<group>";
		};
/* End PBXVariantGroup section */

/* Begin XCBuildConfiguration section */
		3B0210F11B11308A005D2534 /* Debug */ = {
			isa = XCBuildConfiguration;
			buildSettings = {
				ALWAYS_SEARCH_USER_PATHS = NO;
				CLANG_CXX_LANGUAGE_STANDARD = "gnu++0x";
				CLANG_CXX_LIBRARY = "libc++";
				CLANG_ENABLE_MODULES = YES;
				CLANG_ENABLE_OBJC_ARC = YES;
				CLANG_WARN_BOOL_CONVERSION = YES;
				CLANG_WARN_CONSTANT_CONVERSION = YES;
				CLANG_WARN_DIRECT_OBJC_ISA_USAGE = YES_ERROR;
				CLANG_WARN_EMPTY_BODY = YES;
				CLANG_WARN_ENUM_CONVERSION = YES;
				CLANG_WARN_INT_CONVERSION = YES;
				CLANG_WARN_OBJC_ROOT_CLASS = YES_ERROR;
				CLANG_WARN_UNREACHABLE_CODE = YES;
				CLANG_WARN__DUPLICATE_METHOD_MATCH = YES;
				"CODE_SIGN_IDENTITY[sdk=iphoneos*]" = "iPhone Developer";
				COPY_PHASE_STRIP = NO;
				DEBUG_INFORMATION_FORMAT = "dwarf-with-dsym";
				ENABLE_STRICT_OBJC_MSGSEND = YES;
				GCC_C_LANGUAGE_STANDARD = gnu99;
				GCC_DYNAMIC_NO_PIC = NO;
				GCC_NO_COMMON_BLOCKS = YES;
				GCC_OPTIMIZATION_LEVEL = 0;
				GCC_PREPROCESSOR_DEFINITIONS = (
					"DEBUG=1",
					"$(inherited)",
				);
				GCC_SYMBOLS_PRIVATE_EXTERN = NO;
				GCC_WARN_64_TO_32_BIT_CONVERSION = YES;
				GCC_WARN_ABOUT_RETURN_TYPE = YES_ERROR;
				GCC_WARN_UNDECLARED_SELECTOR = YES;
				GCC_WARN_UNINITIALIZED_AUTOS = YES_AGGRESSIVE;
				GCC_WARN_UNUSED_FUNCTION = YES;
				GCC_WARN_UNUSED_VARIABLE = YES;
				IPHONEOS_DEPLOYMENT_TARGET = 8.1;
				MTL_ENABLE_DEBUG_INFO = YES;
				ONLY_ACTIVE_ARCH = YES;
				SDKROOT = iphoneos;
				SWIFT_OPTIMIZATION_LEVEL = "-Onone";
				TARGETED_DEVICE_FAMILY = "1,2";
			};
			name = Debug;
		};
		3B0210F21B11308A005D2534 /* Release */ = {
			isa = XCBuildConfiguration;
			buildSettings = {
				ALWAYS_SEARCH_USER_PATHS = NO;
				CLANG_CXX_LANGUAGE_STANDARD = "gnu++0x";
				CLANG_CXX_LIBRARY = "libc++";
				CLANG_ENABLE_MODULES = YES;
				CLANG_ENABLE_OBJC_ARC = YES;
				CLANG_WARN_BOOL_CONVERSION = YES;
				CLANG_WARN_CONSTANT_CONVERSION = YES;
				CLANG_WARN_DIRECT_OBJC_ISA_USAGE = YES_ERROR;
				CLANG_WARN_EMPTY_BODY = YES;
				CLANG_WARN_ENUM_CONVERSION = YES;
				CLANG_WARN_INT_CONVERSION = YES;
				CLANG_WARN_OBJC_ROOT_CLASS = YES_ERROR;
				CLANG_WARN_UNREACHABLE_CODE = YES;
				CLANG_WARN__DUPLICATE_METHOD_MATCH = YES;
				"CODE_SIGN_IDENTITY[sdk=iphoneos*]" = "iPhone Developer";
				COPY_PHASE_STRIP = NO;
				DEBUG_INFORMATION_FORMAT = "dwarf-with-dsym";
				ENABLE_NS_ASSERTIONS = NO;
				ENABLE_STRICT_OBJC_MSGSEND = YES;
				GCC_C_LANGUAGE_STANDARD = gnu99;
				GCC_NO_COMMON_BLOCKS = YES;
				GCC_WARN_64_TO_32_BIT_CONVERSION = YES;
				GCC_WARN_ABOUT_RETURN_TYPE = YES_ERROR;
				GCC_WARN_UNDECLARED_SELECTOR = YES;
				GCC_WARN_UNINITIALIZED_AUTOS = YES_AGGRESSIVE;
				GCC_WARN_UNUSED_FUNCTION = YES;
				GCC_WARN_UNUSED_VARIABLE = YES;
				IPHONEOS_DEPLOYMENT_TARGET = 8.1;
				MTL_ENABLE_DEBUG_INFO = NO;
				SDKROOT = iphoneos;
				TARGETED_DEVICE_FAMILY = "1,2";
				VALIDATE_PRODUCT = YES;
			};
			name = Release;
		};
		3B0210F41B11308A005D2534 /* Debug */ = {
			isa = XCBuildConfiguration;
			buildSettings = {
				ASSETCATALOG_COMPILER_APPICON_NAME = AppIcon;
				INFOPLIST_FILE = CarControl/Info.plist;
				LD_RUNPATH_SEARCH_PATHS = "$(inherited) @executable_path/Frameworks";
				PRODUCT_NAME = "$(TARGET_NAME)";
			};
			name = Debug;
		};
		3B0210F51B11308A005D2534 /* Release */ = {
			isa = XCBuildConfiguration;
			buildSettings = {
				ASSETCATALOG_COMPILER_APPICON_NAME = AppIcon;
				INFOPLIST_FILE = CarControl/Info.plist;
				LD_RUNPATH_SEARCH_PATHS = "$(inherited) @executable_path/Frameworks";
				PRODUCT_NAME = "$(TARGET_NAME)";
			};
			name = Release;
		};
		3B0210F71B11308A005D2534 /* Debug */ = {
			isa = XCBuildConfiguration;
			buildSettings = {
				BUNDLE_LOADER = "$(TEST_HOST)";
				FRAMEWORK_SEARCH_PATHS = (
					"$(SDKROOT)/Developer/Library/Frameworks",
					"$(inherited)",
				);
				GCC_PREPROCESSOR_DEFINITIONS = (
					"DEBUG=1",
					"$(inherited)",
				);
				INFOPLIST_FILE = CarControlTests/Info.plist;
				LD_RUNPATH_SEARCH_PATHS = "$(inherited) @executable_path/Frameworks @loader_path/Frameworks";
				PRODUCT_NAME = "$(TARGET_NAME)";
				TEST_HOST = "$(BUILT_PRODUCTS_DIR)/CarControl.app/CarControl";
			};
			name = Debug;
		};
		3B0210F81B11308A005D2534 /* Release */ = {
			isa = XCBuildConfiguration;
			buildSettings = {
				BUNDLE_LOADER = "$(TEST_HOST)";
				FRAMEWORK_SEARCH_PATHS = (
					"$(SDKROOT)/Developer/Library/Frameworks",
					"$(inherited)",
				);
				INFOPLIST_FILE = CarControlTests/Info.plist;
				LD_RUNPATH_SEARCH_PATHS = "$(inherited) @executable_path/Frameworks @loader_path/Frameworks";
				PRODUCT_NAME = "$(TARGET_NAME)";
				TEST_HOST = "$(BUILT_PRODUCTS_DIR)/CarControl.app/CarControl";
			};
			name = Release;
		};
/* End XCBuildConfiguration section */

/* Begin XCConfigurationList section */
		3B0210CF1B113089005D2534 /* Build configuration list for PBXProject "CarControl" */ = {
			isa = XCConfigurationList;
			buildConfigurations = (
				3B0210F11B11308A005D2534 /* Debug */,
				3B0210F21B11308A005D2534 /* Release */,
			);
			defaultConfigurationIsVisible = 0;
			defaultConfigurationName = Release;
		};
		3B0210F31B11308A005D2534 /* Build configuration list for PBXNativeTarget "CarControl" */ = {
			isa = XCConfigurationList;
			buildConfigurations = (
				3B0210F41B11308A005D2534 /* Debug */,
				3B0210F51B11308A005D2534 /* Release */,
			);
			defaultConfigurationIsVisible = 0;
			defaultConfigurationName = Release;
		};
		3B0210F61B11308A005D2534 /* Build configuration list for PBXNativeTarget "CarControlTests" */ = {
			isa = XCConfigurationList;
			buildConfigurations = (
				3B0210F71B11308A005D2534 /* Debug */,
				3B0210F81B11308A005D2534 /* Release */,
			);
			defaultConfigurationIsVisible = 0;
			defaultConfigurationName = Release;
		};
/* End XCConfigurationList section */
	};
	rootObject = 3B0210CC1B113089005D2534 /* Project object */;
}
